
Microsoft Visual Studio Solution File, Format Version 12.00
# Visual Studio 15
VisualStudioVersion = 15.0.26730.8
MinimumVisualStudioVersion = 10.0.40219.1
Project("{2150E333-8FDC-42A3-9474-1A3956D46DE8}") = "src", "src", "{CDE34896-7BD4-4DB2-A623-FFE1972AAE76}"
EndProject
Project("{2150E333-8FDC-42A3-9474-1A3956D46DE8}") = "Solution Items", "Solution Items", "{02C425B7-4DFF-4F93-AEAA-D40CFC11240D}"
EndProject
Project("{9A19103F-16F7-4668-BE54-9A1E7A4F7556}") = "WebApplication", "src\WebApplication\WebApplication.csproj", "{11F44823-9640-4732-A1D7-4308B1C4DEEF}"
EndProject
Global
	GlobalSection(SolutionConfigurationPlatforms) = preSolution
		Debug|Any CPU = Debug|Any CPU
		Debug|x64 = Debug|x64
		Debug|x86 = Debug|x86
		Release|Any CPU = Release|Any CPU
		Release|x64 = Release|x64
		Release|x86 = Release|x86
	EndGlobalSection
	GlobalSection(ProjectConfigurationPlatforms) = postSolution
		{11F44823-9640-4732-A1D7-4308B1C4DEEF}.Debug|Any CPU.ActiveCfg = Debug|Any CPU
		{11F44823-9640-4732-A1D7-4308B1C4DEEF}.Debug|Any CPU.Build.0 = Debug|Any CPU
		{11F44823-9640-4732-A1D7-4308B1C4DEEF}.Debug|x64.ActiveCfg = Debug|Any CPU
		{11F44823-9640-4732-A1D7-4308B1C4DEEF}.Debug|x64.Build.0 = Debug|Any CPU
		{11F44823-9640-4732-A1D7-4308B1C4DEEF}.Debug|x86.ActiveCfg = Debug|Any CPU
		{11F44823-9640-4732-A1D7-4308B1C4DEEF}.Debug|x86.Build.0 = Debug|Any CPU
		{11F44823-9640-4732-A1D7-4308B1C4DEEF}.Release|Any CPU.ActiveCfg = Release|Any CPU
		{11F44823-9640-4732-A1D7-4308B1C4DEEF}.Release|Any CPU.Build.0 = Release|Any CPU
		{11F44823-9640-4732-A1D7-4308B1C4DEEF}.Release|x64.ActiveCfg = Release|Any CPU
		{11F44823-9640-4732-A1D7-4308B1C4DEEF}.Release|x64.Build.0 = Release|Any CPU
		{11F44823-9640-4732-A1D7-4308B1C4DEEF}.Release|x86.ActiveCfg = Release|Any CPU
		{11F44823-9640-4732-A1D7-4308B1C4DEEF}.Release|x86.Build.0 = Release|Any CPU
	EndGlobalSection
	GlobalSection(SolutionProperties) = preSolution
		HideSolutionNode = FALSE
	EndGlobalSection
	GlobalSection(NestedProjects) = preSolution
		{11F44823-9640-4732-A1D7-4308B1C4DEEF} = {CDE34896-7BD4-4DB2-A623-FFE1972AAE76}
	EndGlobalSection
	GlobalSection(ExtensibilityGlobals) = postSolution
		SolutionGuid = {C8BCEF49-4B73-4541-9CD9-9239D3065704}
	EndGlobalSection
EndGlobal
